// !$*UTF8*$!
{
	archiveVersion = 1;
	classes = {
	};
	objectVersion = 77;
	objects = {

/* Begin PBXBuildFile section */
		1A2B11632F3BE5CD0088A0E1 /* WidgetKit.framework in Frameworks */ = {isa = PBXBuildFile; fileRef = 1A2B11442F3BE58F0088A0E1 /* WidgetKit.framework */; };
		1A2B11642F3BE5CD0088A0E1 /* SwiftUI.framework in Frameworks */ = {isa = PBXBuildFile; fileRef = 1A2B11462F3BE58F0088A0E1 /* SwiftUI.framework */; };
		1A2B11712F3BE5CE0088A0E1 /* LeafbookWidgetExtension.appex in Embed Foundation Extensions */ = {isa = PBXBuildFile; fileRef = 1A2B11622F3BE5CD0088A0E1 /* LeafbookWidgetExtension.appex */; platformFilter = ios; settings = {ATTRIBUTES = (RemoveHeadersOnCopy, ); }; };
		1A2B11802F3BF0000088A0E1 /* Supabase in Frameworks */ = {isa = PBXBuildFile; productRef = 1A2B117F2F3BF0000088A0E1 /* Supabase */; };
		1AC9B5472F286B0F00A3C3BC /* Supabase in Frameworks */ = {isa = PBXBuildFile; productRef = 1AC9B5A22F28700000A3C3BC /* Supabase */; };
/* End PBXBuildFile section */

/* Begin PBXContainerItemProxy section */
		1A2B116F2F3BE5CE0088A0E1 /* PBXContainerItemProxy */ = {
			isa = PBXContainerItemProxy;
			containerPortal = 1AC9B3B12F28658300A3C3BC /* Project object */;
			proxyType = 1;
			remoteGlobalIDString = 1A2B11612F3BE5CD0088A0E1;
			remoteInfo = LeafbookWidgetExtension;
		};
		1AC9B3C72F28658400A3C3BC /* PBXContainerItemProxy */ = {
			isa = PBXContainerItemProxy;
			containerPortal = 1AC9B3B12F28658300A3C3BC /* Project object */;
			proxyType = 1;
			remoteGlobalIDString = 1AC9B3B82F28658300A3C3BC;
			remoteInfo = Leafbook;
		};
		1AC9B3D12F28658400A3C3BC /* PBXContainerItemProxy */ = {
			isa = PBXContainerItemProxy;
			containerPortal = 1AC9B3B12F28658300A3C3BC /* Project object */;
			proxyType = 1;
			remoteGlobalIDString = 1AC9B3B82F28658300A3C3BC;
			remoteInfo = Leafbook;
		};
/* End PBXContainerItemProxy section */

/* Begin PBXCopyFilesBuildPhase section */
		1A2B115D2F3BE5900088A0E1 /* Embed Foundation Extensions */ = {
			isa = PBXCopyFilesBuildPhase;
			buildActionMask = 2147483647;
			dstPath = "";
			dstSubfolderSpec = 13;
			files = (
				1A2B11712F3BE5CE0088A0E1 /* LeafbookWidgetExtension.appex in Embed Foundation Extensions */,
			);
			name = "Embed Foundation Extensions";
			runOnlyForDeploymentPostprocessing = 0;
		};
/* End PBXCopyFilesBuildPhase section */

/* Begin PBXFileReference section */
		1A2B11442F3BE58F0088A0E1 /* WidgetKit.framework */ = {isa = PBXFileReference; lastKnownFileType = wrapper.framework; name = WidgetKit.framework; path = System/Library/Frameworks/WidgetKit.framework; sourceTree = SDKROOT; };
		1A2B11462F3BE58F0088A0E1 /* SwiftUI.framework */ = {isa = PBXFileReference; lastKnownFileType = wrapper.framework; name = SwiftUI.framework; path = System/Library/Frameworks/SwiftUI.framework; sourceTree = SDKROOT; };
		1A2B11622F3BE5CD0088A0E1 /* LeafbookWidgetExtension.appex */ = {isa = PBXFileReference; explicitFileType = "wrapper.app-extension"; includeInIndex = 0; path = LeafbookWidgetExtension.appex; sourceTree = BUILT_PRODUCTS_DIR; };
		1A2B11762F3BE6010088A0E1 /* LeafbookWidgetExtension.entitlements */ = {isa = PBXFileReference; lastKnownFileType = text.plist.entitlements; path = LeafbookWidgetExtension.entitlements; sourceTree = "<group>"; };
		1AC9B3B92F28658300A3C3BC /* Leafbook.app */ = {isa = PBXFileReference; explicitFileType = wrapper.application; includeInIndex = 0; path = Leafbook.app; sourceTree = BUILT_PRODUCTS_DIR; };
		1AC9B3C62F28658400A3C3BC /* LeafbookTests.xctest */ = {isa = PBXFileReference; explicitFileType = wrapper.cfbundle; includeInIndex = 0; path = LeafbookTests.xctest; sourceTree = BUILT_PRODUCTS_DIR; };
		1AC9B3D02F28658400A3C3BC /* LeafbookUITests.xctest */ = {isa = PBXFileReference; explicitFileType = wrapper.cfbundle; includeInIndex = 0; path = LeafbookUITests.xctest; sourceTree = BUILT_PRODUCTS_DIR; };
/* End PBXFileReference section */

/* Begin PBXFileSystemSynchronizedBuildFileExceptionSet section */
		1A2B11722F3BE5CE0088A0E1 /* Exceptions for "LeafbookWidget" folder in "LeafbookWidgetExtension" target */ = {
			isa = PBXFileSystemSynchronizedBuildFileExceptionSet;
			membershipExceptions = (
				Info.plist,
			);
			target = 1A2B11612F3BE5CD0088A0E1 /* LeafbookWidgetExtension */;
		};
/* End PBXFileSystemSynchronizedBuildFileExceptionSet section */

/* Begin PBXFileSystemSynchronizedRootGroup section */
		1A2B11652F3BE5CD0088A0E1 /* LeafbookWidget */ = {
			isa = PBXFileSystemSynchronizedRootGroup;
			exceptions = (
				1A2B11722F3BE5CE0088A0E1 /* Exceptions for "LeafbookWidget" folder in "LeafbookWidgetExtension" target */,
			);
			path = LeafbookWidget;
			sourceTree = "<group>";
		};
		1AC9B3BB2F28658300A3C3BC /* Leafbook */ = {
			isa = PBXFileSystemSynchronizedRootGroup;
			path = Leafbook;
			sourceTree = "<group>";
		};
		1AC9B3C92F28658400A3C3BC /* LeafbookTests */ = {
			isa = PBXFileSystemSynchronizedRootGroup;
			path = LeafbookTests;
			sourceTree = "<group>";
		};
		1AC9B3D32F28658400A3C3BC /* LeafbookUITests */ = {
			isa = PBXFileSystemSynchronizedRootGroup;
			path = LeafbookUITests;
			sourceTree = "<group>";
		};
/* End PBXFileSystemSynchronizedRootGroup section */

/* Begin PBXFrameworksBuildPhase section */
		1A2B115F2F3BE5CD0088A0E1 /* Frameworks */ = {
			isa = PBXFrameworksBuildPhase;
			buildActionMask = 2147483647;
			files = (
				1A2B11642F3BE5CD0088A0E1 /* SwiftUI.framework in Frameworks */,
				1A2B11632F3BE5CD0088A0E1 /* WidgetKit.framework in Frameworks */,
				1A2B11802F3BF0000088A0E1 /* Supabase in Frameworks */,
			);
			runOnlyForDeploymentPostprocessing = 0;
		};
		1AC9B3B62F28658300A3C3BC /* Frameworks */ = {
			isa = PBXFrameworksBuildPhase;
			buildActionMask = 2147483647;
			files = (
				1AC9B5472F286B0F00A3C3BC /* Supabase in Frameworks */,
			);
			runOnlyForDeploymentPostprocessing = 0;
		};
		1AC9B3C32F28658400A3C3BC /* Frameworks */ = {
			isa = PBXFrameworksBuildPhase;
			buildActionMask = 2147483647;
			files = (
			);
			runOnlyForDeploymentPostprocessing = 0;
		};
		1AC9B3CD2F28658400A3C3BC /* Frameworks */ = {
			isa = PBXFrameworksBuildPhase;
			buildActionMask = 2147483647;
			files = (
			);
			runOnlyForDeploymentPostprocessing = 0;
		};
/* End PBXFrameworksBuildPhase section */

/* Begin PBXGroup section */
		1A2B11432F3BE58F0088A0E1 /* Frameworks */ = {
			isa = PBXGroup;
			children = (
				1A2B11442F3BE58F0088A0E1 /* WidgetKit.framework */,
				1A2B11462F3BE58F0088A0E1 /* SwiftUI.framework */,
			);
			name = Frameworks;
			sourceTree = "<group>";
		};
		1AC9B3B02F28658300A3C3BC = {
			isa = PBXGroup;
			children = (
				1A2B11762F3BE6010088A0E1 /* LeafbookWidgetExtension.entitlements */,
				1AC9B3BB2F28658300A3C3BC /* Leafbook */,
				1AC9B3C92F28658400A3C3BC /* LeafbookTests */,
				1AC9B3D32F28658400A3C3BC /* LeafbookUITests */,
				1A2B11652F3BE5CD0088A0E1 /* LeafbookWidget */,
				1A2B11432F3BE58F0088A0E1 /* Frameworks */,
				1AC9B3BA2F28658300A3C3BC /* Products */,
			);
			sourceTree = "<group>";
		};
		1AC9B3BA2F28658300A3C3BC /* Products */ = {
			isa = PBXGroup;
			children = (
				1AC9B3B92F28658300A3C3BC /* Leafbook.app */,
				1AC9B3C62F28658400A3C3BC /* LeafbookTests.xctest */,
				1AC9B3D02F28658400A3C3BC /* LeafbookUITests.xctest */,
				1A2B11622F3BE5CD0088A0E1 /* LeafbookWidgetExtension.appex */,
			);
			name = Products;
			sourceTree = "<group>";
		};
/* End PBXGroup section */

/* Begin PBXNativeTarget section */
		1A2B11612F3BE5CD0088A0E1 /* LeafbookWidgetExtension */ = {
			isa = PBXNativeTarget;
			buildConfigurationList = 1A2B11732F3BE5CE0088A0E1 /* Build configuration list for PBXNativeTarget "LeafbookWidgetExtension" */;
			buildPhases = (
				1A2B115E2F3BE5CD0088A0E1 /* Sources */,
				1A2B115F2F3BE5CD0088A0E1 /* Frameworks */,
				1A2B11602F3BE5CD0088A0E1 /* Resources */,
			);
			buildRules = (
			);
			dependencies = (
			);
			fileSystemSynchronizedGroups = (
				1A2B11652F3BE5CD0088A0E1 /* LeafbookWidget */,
			);
			name = LeafbookWidgetExtension;
			packageProductDependencies = (
				1A2B117F2F3BF0000088A0E1 /* Supabase */,
			);
			productName = LeafbookWidgetExtension;
			productReference = 1A2B11622F3BE5CD0088A0E1 /* LeafbookWidgetExtension.appex */;
			productType = "com.apple.product-type.app-extension";
		};
		1AC9B3B82F28658300A3C3BC /* Leafbook */ = {
			isa = PBXNativeTarget;
			buildConfigurationList = 1AC9B3DA2F28658400A3C3BC /* Build configuration list for PBXNativeTarget "Leafbook" */;
			buildPhases = (
				1AC9B3B52F28658300A3C3BC /* Sources */,
				1AC9B3B62F28658300A3C3BC /* Frameworks */,
				1AC9B3B72F28658300A3C3BC /* Resources */,
				1A2B115D2F3BE5900088A0E1 /* Embed Foundation Extensions */,
			);
			buildRules = (
			);
			dependencies = (
				1A2B11702F3BE5CE0088A0E1 /* PBXTargetDependency */,
			);
			fileSystemSynchronizedGroups = (
				1AC9B3BB2F28658300A3C3BC /* Leafbook */,
			);
			name = Leafbook;
			packageProductDependencies = (
				1AC9B5A22F28700000A3C3BC /* Supabase */,
			);
			productName = Leafbook;
			productReference = 1AC9B3B92F28658300A3C3BC /* Leafbook.app */;
			productType = "com.apple.product-type.application";
		};
		1AC9B3C52F28658400A3C3BC /* LeafbookTests */ = {
			isa = PBXNativeTarget;
			buildConfigurationList = 1AC9B3DD2F28658400A3C3BC /* Build configuration list for PBXNativeTarget "LeafbookTests" */;
			buildPhases = (
				1AC9B3C22F28658400A3C3BC /* Sources */,
				1AC9B3C32F28658400A3C3BC /* Frameworks */,
				1AC9B3C42F28658400A3C3BC /* Resources */,
			);
			buildRules = (
			);
			dependencies = (
				1AC9B3C82F28658400A3C3BC /* PBXTargetDependency */,
			);
			fileSystemSynchronizedGroups = (
				1AC9B3C92F28658400A3C3BC /* LeafbookTests */,
			);
			name = LeafbookTests;
			packageProductDependencies = (
			);
			productName = LeafbookTests;
			productReference = 1AC9B3C62F28658400A3C3BC /* LeafbookTests.xctest */;
			productType = "com.apple.product-type.bundle.unit-test";
		};
		1AC9B3CF2F28658400A3C3BC /* LeafbookUITests */ = {
			isa = PBXNativeTarget;
			buildConfigurationList = 1AC9B3E02F28658400A3C3BC /* Build configuration list for PBXNativeTarget "LeafbookUITests" */;
			buildPhases = (
				1AC9B3CC2F28658400A3C3BC /* Sources */,
				1AC9B3CD2F28658400A3C3BC /* Frameworks */,
				1AC9B3CE2F28658400A3C3BC /* Resources */,
			);
			buildRules = (
			);
			dependencies = (
				1AC9B3D22F28658400A3C3BC /* PBXTargetDependency */,
			);
			fileSystemSynchronizedGroups = (
				1AC9B3D32F28658400A3C3BC /* LeafbookUITests */,
			);
			name = LeafbookUITests;
			packageProductDependencies = (
			);
			productName = LeafbookUITests;
			productReference = 1AC9B3D02F28658400A3C3BC /* LeafbookUITests.xctest */;
			productType = "com.apple.product-type.bundle.ui-testing";
		};
/* End PBXNativeTarget section */

/* Begin PBXProject section */
		1AC9B3B12F28658300A3C3BC /* Project object */ = {
			isa = PBXProject;
			attributes = {
				BuildIndependentTargetsInParallel = 1;
				LastSwiftUpdateCheck = 2610;
				LastUpgradeCheck = 2610;
				TargetAttributes = {
					1A2B11612F3BE5CD0088A0E1 = {
						CreatedOnToolsVersion = 26.1;
					};
					1AC9B3B82F28658300A3C3BC = {
						CreatedOnToolsVersion = 26.1;
					};
					1AC9B3C52F28658400A3C3BC = {
						CreatedOnToolsVersion = 26.1;
						TestTargetID = 1AC9B3B82F28658300A3C3BC;
					};
					1AC9B3CF2F28658400A3C3BC = {
						CreatedOnToolsVersion = 26.1;
						TestTargetID = 1AC9B3B82F28658300A3C3BC;
					};
				};
			};
			buildConfigurationList = 1AC9B3B42F28658300A3C3BC /* Build configuration list for PBXProject "Leafbook" */;
			developmentRegion = en;
			hasScannedForEncodings = 0;
			knownRegions = (
				en,
				Base,
			);
			mainGroup = 1AC9B3B02F28658300A3C3BC;
			minimizedProjectReferenceProxies = 1;
			packageReferences = (
				1AC9B5A12F28700000A3C3BC /* XCRemoteSwiftPackageReference "supabase-swift" */,
			);
			preferredProjectObjectVersion = 77;
			productRefGroup = 1AC9B3BA2F28658300A3C3BC /* Products */;
			projectDirPath = "";
			projectRoot = "";
			targets = (
				1AC9B3B82F28658300A3C3BC /* Leafbook */,
				1AC9B3C52F28658400A3C3BC /* LeafbookTests */,
				1AC9B3CF2F28658400A3C3BC /* LeafbookUITests */,
				1A2B11612F3BE5CD0088A0E1 /* LeafbookWidgetExtension */,
			);
		};
/* End PBXProject section */

/* Begin PBXResourcesBuildPhase section */
		1A2B11602F3BE5CD0088A0E1 /* Resources */ = {
			isa = PBXResourcesBuildPhase;
			buildActionMask = 2147483647;
			files = (
			);
			runOnlyForDeploymentPostprocessing = 0;
		};
		1AC9B3B72F28658300A3C3BC /* Resources */ = {
			isa = PBXResourcesBuildPhase;
			buildActionMask = 2147483647;
			files = (
			);
			runOnlyForDeploymentPostprocessing = 0;
		};
		1AC9B3C42F28658400A3C3BC /* Resources */ = {
			isa = PBXResourcesBuildPhase;
			buildActionMask = 2147483647;
			files = (
			);
			runOnlyForDeploymentPostprocessing = 0;
		};
		1AC9B3CE2F28658400A3C3BC /* Resources */ = {
			isa = PBXResourcesBuildPhase;
			buildActionMask = 2147483647;
			files = (
			);
			runOnlyForDeploymentPostprocessing = 0;
		};
/* End PBXResourcesBuildPhase section */

/* Begin PBXSourcesBuildPhase section */
		1A2B115E2F3BE5CD0088A0E1 /* Sources */ = {
			isa = PBXSourcesBuildPhase;
			buildActionMask = 2147483647;
			files = (
			);
			runOnlyForDeploymentPostprocessing = 0;
		};
		1AC9B3B52F28658300A3C3BC /* Sources */ = {
			isa = PBXSourcesBuildPhase;
			buildActionMask = 2147483647;
			files = (
			);
			runOnlyForDeploymentPostprocessing = 0;
		};
		1AC9B3C22F28658400A3C3BC /* Sources */ = {
			isa = PBXSourcesBuildPhase;
			buildActionMask = 2147483647;
			files = (
			);
			runOnlyForDeploymentPostprocessing = 0;
		};
		1AC9B3CC2F28658400A3C3BC /* Sources */ = {
			isa = PBXSourcesBuildPhase;
			buildActionMask = 2147483647;
			files = (
			);
			runOnlyForDeploymentPostprocessing = 0;
		};
/* End PBXSourcesBuildPhase section */

/* Begin PBXTargetDependency section */
		1A2B11702F3BE5CE0088A0E1 /* PBXTargetDependency */ = {
			isa = PBXTargetDependency;
			platformFilter = ios;
			target = 1A2B11612F3BE5CD0088A0E1 /* LeafbookWidgetExtension */;
			targetProxy = 1A2B116F2F3BE5CE0088A0E1 /* PBXContainerItemProxy */;
		};
		1AC9B3C82F28658400A3C3BC /* PBXTargetDependency */ = {
			isa = PBXTargetDependency;
			target = 1AC9B3B82F28658300A3C3BC /* Leafbook */;
			targetProxy = 1AC9B3C72F28658400A3C3BC /* PBXContainerItemProxy */;
		};
		1AC9B3D22F28658400A3C3BC /* PBXTargetDependency */ = {
			isa = PBXTargetDependency;
			target = 1AC9B3B82F28658300A3C3BC /* Leafbook */;
			targetProxy = 1AC9B3D12F28658400A3C3BC /* PBXContainerItemProxy */;
		};
/* End PBXTargetDependency section */

/* Begin XCBuildConfiguration section */
		1A2B11742F3BE5CE0088A0E1 /* Debug */ = {
			isa = XCBuildConfiguration;
			buildSettings = {
				ASSETCATALOG_COMPILER_GLOBAL_ACCENT_COLOR_NAME = AccentColor;
				ASSETCATALOG_COMPILER_WIDGET_BACKGROUND_COLOR_NAME = WidgetBackground;
				CODE_SIGN_ENTITLEMENTS = LeafbookWidgetExtension.entitlements;
				CODE_SIGN_STYLE = Automatic;
				CURRENT_PROJECT_VERSION = 1;
				DEVELOPMENT_TEAM = 55DY7Z3JY7;
				GENERATE_INFOPLIST_FILE = YES;
				INFOPLIST_FILE = LeafbookWidget/Info.plist;
				INFOPLIST_KEY_CFBundleDisplayName = LeafbookWidget;
				INFOPLIST_KEY_NSHumanReadableCopyright = "";
				IPHONEOS_DEPLOYMENT_TARGET = 26.1;
				LD_RUNPATH_SEARCH_PATHS = (
					"$(inherited)",
					"@executable_path/Frameworks",
					"@executable_path/../../Frameworks",
				);
				MARKETING_VERSION = 1.0;
				PRODUCT_BUNDLE_IDENTIFIER = com.ajglodo.Leafbook.LeafbookWidget;
				PRODUCT_NAME = "$(TARGET_NAME)";
				SDKROOT = iphoneos;
				SKIP_INSTALL = YES;
				STRING_CATALOG_GENERATE_SYMBOLS = YES;
				SWIFT_APPROACHABLE_CONCURRENCY = YES;
				SWIFT_EMIT_LOC_STRINGS = YES;
				SWIFT_UPCOMING_FEATURE_MEMBER_IMPORT_VISIBILITY = YES;
				SWIFT_VERSION = 5.0;
				TARGETED_DEVICE_FAMILY = "1,2";
			};
			name = Debug;
		};
		1A2B11752F3BE5CE0088A0E1 /* Release */ = {
			isa = XCBuildConfiguration;
			buildSettings = {
				ASSETCATALOG_COMPILER_GLOBAL_ACCENT_COLOR_NAME = AccentColor;
				ASSETCATALOG_COMPILER_WIDGET_BACKGROUND_COLOR_NAME = WidgetBackground;
				CODE_SIGN_ENTITLEMENTS = LeafbookWidgetExtension.entitlements;
				CODE_SIGN_STYLE = Automatic;
				CURRENT_PROJECT_VERSION = 1;
				DEVELOPMENT_TEAM = 55DY7Z3JY7;
				GENERATE_INFOPLIST_FILE = YES;
				INFOPLIST_FILE = LeafbookWidget/Info.plist;
				INFOPLIST_KEY_CFBundleDisplayName = LeafbookWidget;
				INFOPLIST_KEY_NSHumanReadableCopyright = "";
				IPHONEOS_DEPLOYMENT_TARGET = 26.1;
				LD_RUNPATH_SEARCH_PATHS = (
					"$(inherited)",
					"@executable_path/Frameworks",
					"@executable_path/../../Frameworks",
				);
				MARKETING_VERSION = 1.0;
				PRODUCT_BUNDLE_IDENTIFIER = com.ajglodo.Leafbook.LeafbookWidget;
				PRODUCT_NAME = "$(TARGET_NAME)";
				SDKROOT = iphoneos;
				SKIP_INSTALL = YES;
				STRING_CATALOG_GENERATE_SYMBOLS = YES;
				SWIFT_APPROACHABLE_CONCURRENCY = YES;
				SWIFT_EMIT_LOC_STRINGS = YES;
				SWIFT_UPCOMING_FEATURE_MEMBER_IMPORT_VISIBILITY = YES;
				SWIFT_VERSION = 5.0;
				TARGETED_DEVICE_FAMILY = "1,2";
				VALIDATE_PRODUCT = YES;
			};
			name = Release;
		};
		1AC9B3D82F28658400A3C3BC /* Debug */ = {
			isa = XCBuildConfiguration;
			buildSettings = {
				ALWAYS_SEARCH_USER_PATHS = NO;
				ASSETCATALOG_COMPILER_GENERATE_SWIFT_ASSET_SYMBOL_EXTENSIONS = YES;
				CLANG_ANALYZER_NONNULL = YES;
				CLANG_ANALYZER_NUMBER_OBJECT_CONVERSION = YES_AGGRESSIVE;
				CLANG_CXX_LANGUAGE_STANDARD = "gnu++20";
				CLANG_ENABLE_MODULES = YES;
				CLANG_ENABLE_OBJC_ARC = YES;
				CLANG_ENABLE_OBJC_WEAK = YES;
				CLANG_WARN_BLOCK_CAPTURE_AUTORELEASING = YES;
				CLANG_WARN_BOOL_CONVERSION = YES;
				CLANG_WARN_COMMA = YES;
				CLANG_WARN_CONSTANT_CONVERSION = YES;
				CLANG_WARN_DEPRECATED_OBJC_IMPLEMENTATIONS = YES;
				CLANG_WARN_DIRECT_OBJC_ISA_USAGE = YES_ERROR;
				CLANG_WARN_DOCUMENTATION_COMMENTS = YES;
				CLANG_WARN_EMPTY_BODY = YES;
				CLANG_WARN_ENUM_CONVERSION = YES;
				CLANG_WARN_INFINITE_RECURSION = YES;
				CLANG_WARN_INT_CONVERSION = YES;
				CLANG_WARN_NON_LITERAL_NULL_CONVERSION = YES;
				CLANG_WARN_OBJC_IMPLICIT_RETAIN_SELF = YES;
				CLANG_WARN_OBJC_LITERAL_CONVERSION = YES;
				CLANG_WARN_OBJC_ROOT_CLASS = YES_ERROR;
				CLANG_WARN_QUOTED_INCLUDE_IN_FRAMEWORK_HEADER = YES;
				CLANG_WARN_RANGE_LOOP_ANALYSIS = YES;
				CLANG_WARN_STRICT_PROTOTYPES = YES;
				CLANG_WARN_SUSPICIOUS_MOVE = YES;
				CLANG_WARN_UNGUARDED_AVAILABILITY = YES_AGGRESSIVE;
				CLANG_WARN_UNREACHABLE_CODE = YES;
				CLANG_WARN__DUPLICATE_METHOD_MATCH = YES;
				COPY_PHASE_STRIP = NO;
				DEBUG_INFORMATION_FORMAT = dwarf;
				DEVELOPMENT_TEAM = 55DY7Z3JY7;
				ENABLE_STRICT_OBJC_MSGSEND = YES;
				ENABLE_TESTABILITY = YES;
				ENABLE_USER_SCRIPT_SANDBOXING = YES;
				GCC_C_LANGUAGE_STANDARD = gnu17;
				GCC_DYNAMIC_NO_PIC = NO;
				GCC_NO_COMMON_BLOCKS = YES;
				GCC_OPTIMIZATION_LEVEL = 0;
				GCC_PREPROCESSOR_DEFINITIONS = (
					"DEBUG=1",
					"$(inherited)",
				);
				GCC_WARN_64_TO_32_BIT_CONVERSION = YES;
				GCC_WARN_ABOUT_RETURN_TYPE = YES_ERROR;
				GCC_WARN_UNDECLARED_SELECTOR = YES;
				GCC_WARN_UNINITIALIZED_AUTOS = YES_AGGRESSIVE;
				GCC_WARN_UNUSED_FUNCTION = YES;
				GCC_WARN_UNUSED_VARIABLE = YES;
				LOCALIZATION_PREFERS_STRING_CATALOGS = YES;
				MTL_ENABLE_DEBUG_INFO = INCLUDE_SOURCE;
				MTL_FAST_MATH = YES;
				ONLY_ACTIVE_ARCH = YES;
				SWIFT_ACTIVE_COMPILATION_CONDITIONS = "DEBUG $(inherited)";
				SWIFT_OPTIMIZATION_LEVEL = "-Onone";
			};
			name = Debug;
		};
		1AC9B3D92F28658400A3C3BC /* Release */ = {
			isa = XCBuildConfiguration;
			buildSettings = {
				ALWAYS_SEARCH_USER_PATHS = NO;
				ASSETCATALOG_COMPILER_GENERATE_SWIFT_ASSET_SYMBOL_EXTENSIONS = YES;
				CLANG_ANALYZER_NONNULL = YES;
				CLANG_ANALYZER_NUMBER_OBJECT_CONVERSION = YES_AGGRESSIVE;
				CLANG_CXX_LANGUAGE_STANDARD = "gnu++20";
				CLANG_ENABLE_MODULES = YES;
				CLANG_ENABLE_OBJC_ARC = YES;
				CLANG_ENABLE_OBJC_WEAK = YES;
				CLANG_WARN_BLOCK_CAPTURE_AUTORELEASING = YES;
				CLANG_WARN_BOOL_CONVERSION = YES;
				CLANG_WARN_COMMA = YES;
				CLANG_WARN_CONSTANT_CONVERSION = YES;
				CLANG_WARN_DEPRECATED_OBJC_IMPLEMENTATIONS = YES;
				CLANG_WARN_DIRECT_OBJC_ISA_USAGE = YES_ERROR;
				CLANG_WARN_DOCUMENTATION_COMMENTS = YES;
				CLANG_WARN_EMPTY_BODY = YES;
				CLANG_WARN_ENUM_CONVERSION = YES;
				CLANG_WARN_INFINITE_RECURSION = YES;
				CLANG_WARN_INT_CONVERSION = YES;
				CLANG_WARN_NON_LITERAL_NULL_CONVERSION = YES;
				CLANG_WARN_OBJC_IMPLICIT_RETAIN_SELF = YES;
				CLANG_WARN_OBJC_LITERAL_CONVERSION = YES;
				CLANG_WARN_OBJC_ROOT_CLASS = YES_ERROR;
				CLANG_WARN_QUOTED_INCLUDE_IN_FRAMEWORK_HEADER = YES;
				CLANG_WARN_RANGE_LOOP_ANALYSIS = YES;
				CLANG_WARN_STRICT_PROTOTYPES = YES;
				CLANG_WARN_SUSPICIOUS_MOVE = YES;
				CLANG_WARN_UNGUARDED_AVAILABILITY = YES_AGGRESSIVE;
				CLANG_WARN_UNREACHABLE_CODE = YES;
				CLANG_WARN__DUPLICATE_METHOD_MATCH = YES;
				COPY_PHASE_STRIP = NO;
				DEBUG_INFORMATION_FORMAT = "dwarf-with-dsym";
				DEVELOPMENT_TEAM = 55DY7Z3JY7;
				ENABLE_NS_ASSERTIONS = NO;
				ENABLE_STRICT_OBJC_MSGSEND = YES;
				ENABLE_USER_SCRIPT_SANDBOXING = YES;
				GCC_C_LANGUAGE_STANDARD = gnu17;
				GCC_NO_COMMON_BLOCKS = YES;
				GCC_WARN_64_TO_32_BIT_CONVERSION = YES;
				GCC_WARN_ABOUT_RETURN_TYPE = YES_ERROR;
				GCC_WARN_UNDECLARED_SELECTOR = YES;
				GCC_WARN_UNINITIALIZED_AUTOS = YES_AGGRESSIVE;
				GCC_WARN_UNUSED_FUNCTION = YES;
				GCC_WARN_UNUSED_VARIABLE = YES;
				LOCALIZATION_PREFERS_STRING_CATALOGS = YES;
				MTL_ENABLE_DEBUG_INFO = NO;
				MTL_FAST_MATH = YES;
				SWIFT_COMPILATION_MODE = wholemodule;
			};
			name = Release;
		};
		1AC9B3DB2F28658400A3C3BC /* Debug */ = {
			isa = XCBuildConfiguration;
			buildSettings = {
				ASSETCATALOG_COMPILER_APPICON_NAME = AppIcon;
				ASSETCATALOG_COMPILER_GLOBAL_ACCENT_COLOR_NAME = AccentColor;
				CODE_SIGN_ENTITLEMENTS = Leafbook/Leafbook.entitlements;
				CODE_SIGN_STYLE = Automatic;
				CURRENT_PROJECT_VERSION = 1;
				DEVELOPMENT_TEAM = 55DY7Z3JY7;
				ENABLE_APP_SANDBOX = YES;
				ENABLE_HARDENED_RUNTIME = YES;
				ENABLE_PREVIEWS = YES;
				ENABLE_USER_SELECTED_FILES = readonly;
				GENERATE_INFOPLIST_FILE = YES;
				"INFOPLIST_KEY_UIApplicationSceneManifest_Generation[sdk=iphoneos*]" = YES;
				"INFOPLIST_KEY_UIApplicationSceneManifest_Generation[sdk=iphonesimulator*]" = YES;
				"INFOPLIST_KEY_UIApplicationSupportsIndirectInputEvents[sdk=iphoneos*]" = YES;
				"INFOPLIST_KEY_UIApplicationSupportsIndirectInputEvents[sdk=iphonesimulator*]" = YES;
				"INFOPLIST_KEY_UILaunchScreen_Generation[sdk=iphoneos*]" = YES;
				"INFOPLIST_KEY_UILaunchScreen_Generation[sdk=iphonesimulator*]" = YES;
				"INFOPLIST_KEY_UIStatusBarStyle[sdk=iphoneos*]" = UIStatusBarStyleDefault;
				"INFOPLIST_KEY_UIStatusBarStyle[sdk=iphonesimulator*]" = UIStatusBarStyleDefault;
				INFOPLIST_KEY_UISupportedInterfaceOrientations_iPad = "UIInterfaceOrientationPortrait UIInterfaceOrientationPortraitUpsideDown UIInterfaceOrientationLandscapeLeft UIInterfaceOrientationLandscapeRight";
				INFOPLIST_KEY_UISupportedInterfaceOrientations_iPhone = "UIInterfaceOrientationPortrait UIInterfaceOrientationLandscapeLeft UIInterfaceOrientationLandscapeRight";
				IPHONEOS_DEPLOYMENT_TARGET = 26.1;
				LD_RUNPATH_SEARCH_PATHS = "@executable_path/Frameworks";
				"LD_RUNPATH_SEARCH_PATHS[sdk=macosx*]" = "@executable_path/../Frameworks";
				MACOSX_DEPLOYMENT_TARGET = 26.1;
				MARKETING_VERSION = 1.0;
				PRODUCT_BUNDLE_IDENTIFIER = com.ajglodo.Leafbook;
				PRODUCT_NAME = "$(TARGET_NAME)";
				REGISTER_APP_GROUPS = YES;
				SDKROOT = auto;
				STRING_CATALOG_GENERATE_SYMBOLS = YES;
				SUPPORTED_PLATFORMS = "iphoneos iphonesimulator macosx xros xrsimulator";
				SWIFT_APPROACHABLE_CONCURRENCY = YES;
				SWIFT_DEFAULT_ACTOR_ISOLATION = MainActor;
				SWIFT_EMIT_LOC_STRINGS = YES;
				SWIFT_UPCOMING_FEATURE_MEMBER_IMPORT_VISIBILITY = YES;
				SWIFT_VERSION = 6.0;
				TARGETED_DEVICE_FAMILY = "1,2,7";
				XROS_DEPLOYMENT_TARGET = 26.1;
			};
			name = Debug;
		};
		1AC9B3DC2F28658400A3C3BC /* Release */ = {
			isa = XCBuildConfiguration;
			buildSettings = {
				ASSETCATALOG_COMPILER_APPICON_NAME = AppIcon;
				ASSETCATALOG_COMPILER_GLOBAL_ACCENT_COLOR_NAME = AccentColor;
				CODE_SIGN_ENTITLEMENTS = Leafbook/Leafbook.entitlements;
				CODE_SIGN_STYLE = Automatic;
				CURRENT_PROJECT_VERSION = 1;
				DEVELOPMENT_TEAM = 55DY7Z3JY7;
				ENABLE_APP_SANDBOX = YES;
				ENABLE_HARDENED_RUNTIME = YES;
				ENABLE_PREVIEWS = YES;
				ENABLE_USER_SELECTED_FILES = readonly;
				GENERATE_INFOPLIST_FILE = YES;
				"INFOPLIST_KEY_UIApplicationSceneManifest_Generation[sdk=iphoneos*]" = YES;
				"INFOPLIST_KEY_UIApplicationSceneManifest_Generation[sdk=iphonesimulator*]" = YES;
				"INFOPLIST_KEY_UIApplicationSupportsIndirectInputEvents[sdk=iphoneos*]" = YES;
				"INFOPLIST_KEY_UIApplicationSupportsIndirectInputEvents[sdk=iphonesimulator*]" = YES;
				"INFOPLIST_KEY_UILaunchScreen_Generation[sdk=iphoneos*]" = YES;
				"INFOPLIST_KEY_UILaunchScreen_Generation[sdk=iphonesimulator*]" = YES;
				"INFOPLIST_KEY_UIStatusBarStyle[sdk=iphoneos*]" = UIStatusBarStyleDefault;
				"INFOPLIST_KEY_UIStatusBarStyle[sdk=iphonesimulator*]" = UIStatusBarStyleDefault;
				INFOPLIST_KEY_UISupportedInterfaceOrientations_iPad = "UIInterfaceOrientationPortrait UIInterfaceOrientationPortraitUpsideDown UIInterfaceOrientationLandscapeLeft UIInterfaceOrientationLandscapeRight";
				INFOPLIST_KEY_UISupportedInterfaceOrientations_iPhone = "UIInterfaceOrientationPortrait UIInterfaceOrientationLandscapeLeft UIInterfaceOrientationLandscapeRight";
				IPHONEOS_DEPLOYMENT_TARGET = 26.1;
				LD_RUNPATH_SEARCH_PATHS = "@executable_path/Frameworks";
				"LD_RUNPATH_SEARCH_PATHS[sdk=macosx*]" = "@executable_path/../Frameworks";
				MACOSX_DEPLOYMENT_TARGET = 26.1;
				MARKETING_VERSION = 1.0;
				PRODUCT_BUNDLE_IDENTIFIER = com.ajglodo.Leafbook;
				PRODUCT_NAME = "$(TARGET_NAME)";
				REGISTER_APP_GROUPS = YES;
				SDKROOT = auto;
				STRING_CATALOG_GENERATE_SYMBOLS = YES;
				SUPPORTED_PLATFORMS = "iphoneos iphonesimulator macosx xros xrsimulator";
				SWIFT_APPROACHABLE_CONCURRENCY = YES;
				SWIFT_DEFAULT_ACTOR_ISOLATION = MainActor;
				SWIFT_EMIT_LOC_STRINGS = YES;
				SWIFT_UPCOMING_FEATURE_MEMBER_IMPORT_VISIBILITY = YES;
				SWIFT_VERSION = 6.0;
				TARGETED_DEVICE_FAMILY = "1,2,7";
				XROS_DEPLOYMENT_TARGET = 26.1;
			};
			name = Release;
		};
		1AC9B3DE2F28658400A3C3BC /* Debug */ = {
			isa = XCBuildConfiguration;
			buildSettings = {
				BUNDLE_LOADER = "$(TEST_HOST)";
				CODE_SIGN_STYLE = Automatic;
				CURRENT_PROJECT_VERSION = 1;
				DEVELOPMENT_TEAM = 55DY7Z3JY7;
				GENERATE_INFOPLIST_FILE = YES;
				IPHONEOS_DEPLOYMENT_TARGET = 26.1;
				MACOSX_DEPLOYMENT_TARGET = 26.1;
				MARKETING_VERSION = 1.0;
				PRODUCT_BUNDLE_IDENTIFIER = com.ajglodo.LeafbookTests;
				PRODUCT_NAME = "$(TARGET_NAME)";
				SDKROOT = auto;
				STRING_CATALOG_GENERATE_SYMBOLS = NO;
				SUPPORTED_PLATFORMS = "iphoneos iphonesimulator macosx xros xrsimulator";
				SWIFT_APPROACHABLE_CONCURRENCY = YES;
				SWIFT_EMIT_LOC_STRINGS = NO;
				SWIFT_UPCOMING_FEATURE_MEMBER_IMPORT_VISIBILITY = YES;
				SWIFT_VERSION = 6.0;
				TARGETED_DEVICE_FAMILY = "1,2,7";
				TEST_HOST = "$(BUILT_PRODUCTS_DIR)/Leafbook.app/$(BUNDLE_EXECUTABLE_FOLDER_PATH)/Leafbook";
				XROS_DEPLOYMENT_TARGET = 26.1;
			};
			name = Debug;
		};
		1AC9B3DF2F28658400A3C3BC /* Release */ = {
			isa = XCBuildConfiguration;
			buildSettings = {
				BUNDLE_LOADER = "$(TEST_HOST)";
				CODE_SIGN_STYLE = Automatic;
				CURRENT_PROJECT_VERSION = 1;
				DEVELOPMENT_TEAM = 55DY7Z3JY7;
				GENERATE_INFOPLIST_FILE = YES;
				IPHONEOS_DEPLOYMENT_TARGET = 26.1;
				MACOSX_DEPLOYMENT_TARGET = 26.1;
				MARKETING_VERSION = 1.0;
				PRODUCT_BUNDLE_IDENTIFIER = com.ajglodo.LeafbookTests;
				PRODUCT_NAME = "$(TARGET_NAME)";
				SDKROOT = auto;
				STRING_CATALOG_GENERATE_SYMBOLS = NO;
				SUPPORTED_PLATFORMS = "iphoneos iphonesimulator macosx xros xrsimulator";
				SWIFT_APPROACHABLE_CONCURRENCY = YES;
				SWIFT_EMIT_LOC_STRINGS = NO;
				SWIFT_UPCOMING_FEATURE_MEMBER_IMPORT_VISIBILITY = YES;
				SWIFT_VERSION = 6.0;
				TARGETED_DEVICE_FAMILY = "1,2,7";
				TEST_HOST = "$(BUILT_PRODUCTS_DIR)/Leafbook.app/$(BUNDLE_EXECUTABLE_FOLDER_PATH)/Leafbook";
				XROS_DEPLOYMENT_TARGET = 26.1;
			};
			name = Release;
		};
		1AC9B3E12F28658400A3C3BC /* Debug */ = {
			isa = XCBuildConfiguration;
			buildSettings = {
				CODE_SIGN_STYLE = Automatic;
				CURRENT_PROJECT_VERSION = 1;
				DEVELOPMENT_TEAM = 55DY7Z3JY7;
				GENERATE_INFOPLIST_FILE = YES;
				IPHONEOS_DEPLOYMENT_TARGET = 26.1;
				MACOSX_DEPLOYMENT_TARGET = 26.1;
				MARKETING_VERSION = 1.0;
				PRODUCT_BUNDLE_IDENTIFIER = com.ajglodo.LeafbookUITests;
				PRODUCT_NAME = "$(TARGET_NAME)";
				SDKROOT = auto;
				STRING_CATALOG_GENERATE_SYMBOLS = NO;
				SUPPORTED_PLATFORMS = "iphoneos iphonesimulator macosx xros xrsimulator";
				SWIFT_APPROACHABLE_CONCURRENCY = YES;
				SWIFT_EMIT_LOC_STRINGS = NO;
				SWIFT_UPCOMING_FEATURE_MEMBER_IMPORT_VISIBILITY = YES;
				SWIFT_VERSION = 6.0;
				TARGETED_DEVICE_FAMILY = "1,2,7";
				TEST_TARGET_NAME = Leafbook;
				XROS_DEPLOYMENT_TARGET = 26.1;
			};
			name = Debug;
		};
		1AC9B3E22F28658400A3C3BC /* Release */ = {
			isa = XCBuildConfiguration;
			buildSettings = {
				CODE_SIGN_STYLE = Automatic;
				CURRENT_PROJECT_VERSION = 1;
				DEVELOPMENT_TEAM = 55DY7Z3JY7;
				GENERATE_INFOPLIST_FILE = YES;
				IPHONEOS_DEPLOYMENT_TARGET = 26.1;
				MACOSX_DEPLOYMENT_TARGET = 26.1;
				MARKETING_VERSION = 1.0;
				PRODUCT_BUNDLE_IDENTIFIER = com.ajglodo.LeafbookUITests;
				PRODUCT_NAME = "$(TARGET_NAME)";
				SDKROOT = auto;
				STRING_CATALOG_GENERATE_SYMBOLS = NO;
				SUPPORTED_PLATFORMS = "iphoneos iphonesimulator macosx xros xrsimulator";
				SWIFT_APPROACHABLE_CONCURRENCY = YES;
				SWIFT_EMIT_LOC_STRINGS = NO;
				SWIFT_UPCOMING_FEATURE_MEMBER_IMPORT_VISIBILITY = YES;
				SWIFT_VERSION = 6.0;
				TARGETED_DEVICE_FAMILY = "1,2,7";
				TEST_TARGET_NAME = Leafbook;
				XROS_DEPLOYMENT_TARGET = 26.1;
			};
			name = Release;
		};
/* End XCBuildConfiguration section */

/* Begin XCConfigurationList section */
		1A2B11732F3BE5CE0088A0E1 /* Build configuration list for PBXNativeTarget "LeafbookWidgetExtension" */ = {
			isa = XCConfigurationList;
			buildConfigurations = (
				1A2B11742F3BE5CE0088A0E1 /* Debug */,
				1A2B11752F3BE5CE0088A0E1 /* Release */,
			);
			defaultConfigurationIsVisible = 0;
			defaultConfigurationName = Release;
		};
		1AC9B3B42F28658300A3C3BC /* Build configuration list for PBXProject "Leafbook" */ = {
			isa = XCConfigurationList;
			buildConfigurations = (
				1AC9B3D82F28658400A3C3BC /* Debug */,
				1AC9B3D92F28658400A3C3BC /* Release */,
			);
			defaultConfigurationIsVisible = 0;
			defaultConfigurationName = Release;
		};
		1AC9B3DA2F28658400A3C3BC /* Build configuration list for PBXNativeTarget "Leafbook" */ = {
			isa = XCConfigurationList;
			buildConfigurations = (
				1AC9B3DB2F28658400A3C3BC /* Debug */,
				1AC9B3DC2F28658400A3C3BC /* Release */,
			);
			defaultConfigurationIsVisible = 0;
			defaultConfigurationName = Release;
		};
		1AC9B3DD2F28658400A3C3BC /* Build configuration list for PBXNativeTarget "LeafbookTests" */ = {
			isa = XCConfigurationList;
			buildConfigurations = (
				1AC9B3DE2F28658400A3C3BC /* Debug */,
				1AC9B3DF2F28658400A3C3BC /* Release */,
			);
			defaultConfigurationIsVisible = 0;
			defaultConfigurationName = Release;
		};
		1AC9B3E02F28658400A3C3BC /* Build configuration list for PBXNativeTarget "LeafbookUITests" */ = {
			isa = XCConfigurationList;
			buildConfigurations = (
				1AC9B3E12F28658400A3C3BC /* Debug */,
				1AC9B3E22F28658400A3C3BC /* Release */,
			);
			defaultConfigurationIsVisible = 0;
			defaultConfigurationName = Release;
		};
/* End XCConfigurationList section */

/* Begin XCRemoteSwiftPackageReference section */
		1AC9B5A12F28700000A3C3BC /* XCRemoteSwiftPackageReference "supabase-swift" */ = {
			isa = XCRemoteSwiftPackageReference;
			repositoryURL = "https://github.com/supabase-community/supabase-swift.git";
			requirement = {
				kind = upToNextMajorVersion;
				minimumVersion = 2.0.0;
			};
		};
/* End XCRemoteSwiftPackageReference section */

/* Begin XCSwiftPackageProductDependency section */
		1A2B117F2F3BF0000088A0E1 /* Supabase */ = {
			isa = XCSwiftPackageProductDependency;
			package = 1AC9B5A12F28700000A3C3BC /* XCRemoteSwiftPackageReference "supabase-swift" */;
			productName = Supabase;
		};
		1AC9B5A22F28700000A3C3BC /* Supabase */ = {
			isa = XCSwiftPackageProductDependency;
			package = 1AC9B5A12F28700000A3C3BC /* XCRemoteSwiftPackageReference "supabase-swift" */;
			productName = Supabase;
		};
/* End XCSwiftPackageProductDependency section */
	};
	rootObject = 1AC9B3B12F28658300A3C3BC /* Project object */;
}
